
Microsoft Visual Studio Solution File, Format Version 12.00
# Visual Studio Version 17
VisualStudioVersion = 17.4.33205.214
MinimumVisualStudioVersion = 10.0.40219.1
Project("{FAE04EC0-301F-11D3-BF4B-00C04F79EFBC}") = "modbusHelper", "modbusHelper\modbusHelper.csproj", "{CD50378B-2604-4326-A607-72615C58ED1F}"
EndProject
Global
	GlobalSection(SolutionConfigurationPlatforms) = preSolution
		Debug|Any CPU = Debug|Any CPU
		Release|Any CPU = Release|Any CPU
	EndGlobalSection
	GlobalSection(ProjectConfigurationPlatforms) = postSolution
		{CD50378B-2604-4326-A607-72615C58ED1F}.Debug|Any CPU.ActiveCfg = Debug|Any CPU
		{CD50378B-2604-4326-A607-72615C58ED1F}.Debug|Any CPU.Build.0 = Debug|Any CPU
		{CD50378B-2604-4326-A607-72615C58ED1F}.Release|Any CPU.ActiveCfg = Release|Any CPU
		{CD50378B-2604-4326-A607-72615C58ED1F}.Release|Any CPU.Build.0 = Release|Any CPU
	EndGlobalSection
	GlobalSection(SolutionProperties) = preSolution
		HideSolutionNode = FALSE
	EndGlobalSection
	GlobalSection(ExtensibilityGlobals) = postSolution
		SolutionGuid = {9A04ADE8-30E3-40DF-BF9C-DD5B9F5DF948}
	EndGlobalSection
EndGlobal
